
Microsoft Visual Studio Solution File, Format Version 12.00
# Visual Studio Version 17
VisualStudioVersion = 17.1.32421.90
MinimumVisualStudioVersion = 10.0.40219.1
Project("{FAE04EC0-301F-11D3-BF4B-00C04F79EFBC}") = "RPSLS2", "RPSLS2\RPSLS2.csproj", "{808781D3-7DB7-44CA-95BE-305784EDA92F}"
EndProject
Global
	GlobalSection(SolutionConfigurationPlatforms) = preSolution
		Debug|Any CPU = Debug|Any CPU
		Release|Any CPU = Release|Any CPU
	EndGlobalSection
	GlobalSection(ProjectConfigurationPlatforms) = postSolution
		{808781D3-7DB7-44CA-95BE-305784EDA92F}.Debug|Any CPU.ActiveCfg = Debug|Any CPU
		{808781D3-7DB7-44CA-95BE-305784EDA92F}.Debug|Any CPU.Build.0 = Debug|Any CPU
		{808781D3-7DB7-44CA-95BE-305784EDA92F}.Release|Any CPU.ActiveCfg = Release|Any CPU
		{808781D3-7DB7-44CA-95BE-305784EDA92F}.Release|Any CPU.Build.0 = Release|Any CPU
	EndGlobalSection
	GlobalSection(SolutionProperties) = preSolution
		HideSolutionNode = FALSE
	EndGlobalSection
	GlobalSection(ExtensibilityGlobals) = postSolution
		SolutionGuid = {EAEF4E0A-5F77-4CE0-9061-626B9C12C5F9}
	EndGlobalSection
EndGlobal
